// !$*UTF8*$!
{
	archiveVersion = 1;
	classes = {
	};
	objectVersion = 56;
	objects = {

/* Begin PBXBuildFile section */
		9FCA7FDE2BD011B9003A9DDD /* LgnRND_CoordinatorApp.swift in Sources */ = {isa = PBXBuildFile; fileRef = 9FCA7FDD2BD011B9003A9DDD /* LgnRND_CoordinatorApp.swift */; };
		9FCA7FE22BD011BB003A9DDD /* Assets.xcassets in Resources */ = {isa = PBXBuildFile; fileRef = 9FCA7FE12BD011BB003A9DDD /* Assets.xcassets */; };
		9FCA7FE52BD011BB003A9DDD /* Preview Assets.xcassets in Resources */ = {isa = PBXBuildFile; fileRef = 9FCA7FE42BD011BB003A9DDD /* Preview Assets.xcassets */; };
		9FCA7FEF2BD011BC003A9DDD /* LgnRND_CoordinatorTests.swift in Sources */ = {isa = PBXBuildFile; fileRef = 9FCA7FEE2BD011BC003A9DDD /* LgnRND_CoordinatorTests.swift */; };
		9FCA7FF92BD011BC003A9DDD /* LgnRND_CoordinatorUITests.swift in Sources */ = {isa = PBXBuildFile; fileRef = 9FCA7FF82BD011BC003A9DDD /* LgnRND_CoordinatorUITests.swift */; };
		9FCA7FFB2BD011BC003A9DDD /* LgnRND_CoordinatorUITestsLaunchTests.swift in Sources */ = {isa = PBXBuildFile; fileRef = 9FCA7FFA2BD011BC003A9DDD /* LgnRND_CoordinatorUITestsLaunchTests.swift */; };
		9FCA800B2BD01266003A9DDD /* ViewCoordinatorDelegate.swift in Sources */ = {isa = PBXBuildFile; fileRef = 9FCA80082BD01266003A9DDD /* ViewCoordinatorDelegate.swift */; };
		9FCA800C2BD01266003A9DDD /* Coordinator.swift in Sources */ = {isa = PBXBuildFile; fileRef = 9FCA80092BD01266003A9DDD /* Coordinator.swift */; };
		9FCA800D2BD01266003A9DDD /* Routes.swift in Sources */ = {isa = PBXBuildFile; fileRef = 9FCA800A2BD01266003A9DDD /* Routes.swift */; };
		9FCA80122BD01275003A9DDD /* FirstViewModel.swift in Sources */ = {isa = PBXBuildFile; fileRef = 9FCA800E2BD01275003A9DDD /* FirstViewModel.swift */; };
		9FCA80132BD01275003A9DDD /* FirstView.swift in Sources */ = {isa = PBXBuildFile; fileRef = 9FCA800F2BD01275003A9DDD /* FirstView.swift */; };
		9FCA80142BD01275003A9DDD /* MainContentView.swift in Sources */ = {isa = PBXBuildFile; fileRef = 9FCA80102BD01275003A9DDD /* MainContentView.swift */; };
		9FCA80152BD01275003A9DDD /* FirstViewCoordinator.swift in Sources */ = {isa = PBXBuildFile; fileRef = 9FCA80112BD01275003A9DDD /* FirstViewCoordinator.swift */; };
/* End PBXBuildFile section */

/* Begin PBXContainerItemProxy section */
		9FCA7FEB2BD011BC003A9DDD /* PBXContainerItemProxy */ = {
			isa = PBXContainerItemProxy;
			containerPortal = 9FCA7FD22BD011B9003A9DDD /* Project object */;
			proxyType = 1;
			remoteGlobalIDString = 9FCA7FD92BD011B9003A9DDD;
			remoteInfo = LgnRND_Coordinator;
		};
		9FCA7FF52BD011BC003A9DDD /* PBXContainerItemProxy */ = {
			isa = PBXContainerItemProxy;
			containerPortal = 9FCA7FD22BD011B9003A9DDD /* Project object */;
			proxyType = 1;
			remoteGlobalIDString = 9FCA7FD92BD011B9003A9DDD;
			remoteInfo = LgnRND_Coordinator;
		};
/* End PBXContainerItemProxy section */

/* Begin PBXFileReference section */
		9FCA7FDA2BD011B9003A9DDD /* LgnRND_Coordinator_iOS.app */ = {isa = PBXFileReference; explicitFileType = wrapper.application; includeInIndex = 0; path = LgnRND_Coordinator_iOS.app; sourceTree = BUILT_PRODUCTS_DIR; };
		9FCA7FDD2BD011B9003A9DDD /* LgnRND_CoordinatorApp.swift */ = {isa = PBXFileReference; lastKnownFileType = sourcecode.swift; path = LgnRND_CoordinatorApp.swift; sourceTree = "<group>"; };
		9FCA7FE12BD011BB003A9DDD /* Assets.xcassets */ = {isa = PBXFileReference; lastKnownFileType = folder.assetcatalog; path = Assets.xcassets; sourceTree = "<group>"; };
		9FCA7FE42BD011BB003A9DDD /* Preview Assets.xcassets */ = {isa = PBXFileReference; lastKnownFileType = folder.assetcatalog; path = "Preview Assets.xcassets"; sourceTree = "<group>"; };
		9FCA7FEA2BD011BC003A9DDD /* LgnRND_CoordinatorTests_iOS.xctest */ = {isa = PBXFileReference; explicitFileType = wrapper.cfbundle; includeInIndex = 0; path = LgnRND_CoordinatorTests_iOS.xctest; sourceTree = BUILT_PRODUCTS_DIR; };
		9FCA7FEE2BD011BC003A9DDD /* LgnRND_CoordinatorTests.swift */ = {isa = PBXFileReference; lastKnownFileType = sourcecode.swift; path = LgnRND_CoordinatorTests.swift; sourceTree = "<group>"; };
		9FCA7FF42BD011BC003A9DDD /* LgnRND_CoordinatorUITests_iOS.xctest */ = {isa = PBXFileReference; explicitFileType = wrapper.cfbundle; includeInIndex = 0; path = LgnRND_CoordinatorUITests_iOS.xctest; sourceTree = BUILT_PRODUCTS_DIR; };
		9FCA7FF82BD011BC003A9DDD /* LgnRND_CoordinatorUITests.swift */ = {isa = PBXFileReference; lastKnownFileType = sourcecode.swift; path = LgnRND_CoordinatorUITests.swift; sourceTree = "<group>"; };
		9FCA7FFA2BD011BC003A9DDD /* LgnRND_CoordinatorUITestsLaunchTests.swift */ = {isa = PBXFileReference; lastKnownFileType = sourcecode.swift; path = LgnRND_CoordinatorUITestsLaunchTests.swift; sourceTree = "<group>"; };
		9FCA80082BD01266003A9DDD /* ViewCoordinatorDelegate.swift */ = {isa = PBXFileReference; fileEncoding = 4; lastKnownFileType = sourcecode.swift; path = ViewCoordinatorDelegate.swift; sourceTree = "<group>"; };
		9FCA80092BD01266003A9DDD /* Coordinator.swift */ = {isa = PBXFileReference; fileEncoding = 4; lastKnownFileType = sourcecode.swift; path = Coordinator.swift; sourceTree = "<group>"; };
		9FCA800A2BD01266003A9DDD /* Routes.swift */ = {isa = PBXFileReference; fileEncoding = 4; lastKnownFileType = sourcecode.swift; path = Routes.swift; sourceTree = "<group>"; };
		9FCA800E2BD01275003A9DDD /* FirstViewModel.swift */ = {isa = PBXFileReference; fileEncoding = 4; lastKnownFileType = sourcecode.swift; path = FirstViewModel.swift; sourceTree = "<group>"; };
		9FCA800F2BD01275003A9DDD /* FirstView.swift */ = {isa = PBXFileReference; fileEncoding = 4; lastKnownFileType = sourcecode.swift; path = FirstView.swift; sourceTree = "<group>"; };
		9FCA80102BD01275003A9DDD /* MainContentView.swift */ = {isa = PBXFileReference; fileEncoding = 4; lastKnownFileType = sourcecode.swift; path = MainContentView.swift; sourceTree = "<group>"; };
		9FCA80112BD01275003A9DDD /* FirstViewCoordinator.swift */ = {isa = PBXFileReference; fileEncoding = 4; lastKnownFileType = sourcecode.swift; path = FirstViewCoordinator.swift; sourceTree = "<group>"; };
/* End PBXFileReference section */

/* Begin PBXFrameworksBuildPhase section */
		9FCA7FD72BD011B9003A9DDD /* Frameworks */ = {
			isa = PBXFrameworksBuildPhase;
			buildActionMask = 2147483647;
			files = (
			);
			runOnlyForDeploymentPostprocessing = 0;
		};
		9FCA7FE72BD011BC003A9DDD /* Frameworks */ = {
			isa = PBXFrameworksBuildPhase;
			buildActionMask = 2147483647;
			files = (
			);
			runOnlyForDeploymentPostprocessing = 0;
		};
		9FCA7FF12BD011BC003A9DDD /* Frameworks */ = {
			isa = PBXFrameworksBuildPhase;
			buildActionMask = 2147483647;
			files = (
			);
			runOnlyForDeploymentPostprocessing = 0;
		};
/* End PBXFrameworksBuildPhase section */

/* Begin PBXGroup section */
		9FCA7FD12BD011B9003A9DDD = {
			isa = PBXGroup;
			children = (
				9FCA7FDC2BD011B9003A9DDD /* iOS */,
				9FCA7FED2BD011BC003A9DDD /* iOSTests */,
				9FCA7FF72BD011BC003A9DDD /* iOSUITests */,
				9FCA7FDB2BD011B9003A9DDD /* Products */,
			);
			sourceTree = "<group>";
		};
		9FCA7FDB2BD011B9003A9DDD /* Products */ = {
			isa = PBXGroup;
			children = (
				9FCA7FDA2BD011B9003A9DDD /* LgnRND_Coordinator_iOS.app */,
				9FCA7FEA2BD011BC003A9DDD /* LgnRND_CoordinatorTests_iOS.xctest */,
				9FCA7FF42BD011BC003A9DDD /* LgnRND_CoordinatorUITests_iOS.xctest */,
			);
			name = Products;
			sourceTree = "<group>";
		};
		9FCA7FDC2BD011B9003A9DDD /* iOS */ = {
			isa = PBXGroup;
			children = (
				9FCA80072BD01253003A9DDD /* Navigation */,
				9FCA7FDD2BD011B9003A9DDD /* LgnRND_CoordinatorApp.swift */,
				9FCA800F2BD01275003A9DDD /* FirstView.swift */,
				9FCA80112BD01275003A9DDD /* FirstViewCoordinator.swift */,
				9FCA800E2BD01275003A9DDD /* FirstViewModel.swift */,
				9FCA80102BD01275003A9DDD /* MainContentView.swift */,
				9FCA7FE12BD011BB003A9DDD /* Assets.xcassets */,
				9FCA7FE32BD011BB003A9DDD /* Preview Content */,
			);
			path = iOS;
			sourceTree = "<group>";
		};
		9FCA7FE32BD011BB003A9DDD /* Preview Content */ = {
			isa = PBXGroup;
			children = (
				9FCA7FE42BD011BB003A9DDD /* Preview Assets.xcassets */,
			);
			path = "Preview Content";
			sourceTree = "<group>";
		};
		9FCA7FED2BD011BC003A9DDD /* iOSTests */ = {
			isa = PBXGroup;
			children = (
				9FCA7FEE2BD011BC003A9DDD /* LgnRND_CoordinatorTests.swift */,
			);
			path = iOSTests;
			sourceTree = "<group>";
		};
		9FCA7FF72BD011BC003A9DDD /* iOSUITests */ = {
			isa = PBXGroup;
			children = (
				9FCA7FF82BD011BC003A9DDD /* LgnRND_CoordinatorUITests.swift */,
				9FCA7FFA2BD011BC003A9DDD /* LgnRND_CoordinatorUITestsLaunchTests.swift */,
			);
			path = iOSUITests;
			sourceTree = "<group>";
		};
		9FCA80072BD01253003A9DDD /* Navigation */ = {
			isa = PBXGroup;
			children = (
				9FCA80092BD01266003A9DDD /* Coordinator.swift */,
				9FCA800A2BD01266003A9DDD /* Routes.swift */,
				9FCA80082BD01266003A9DDD /* ViewCoordinatorDelegate.swift */,
			);
			path = Navigation;
			sourceTree = "<group>";
		};
/* End PBXGroup section */

/* Begin PBXNativeTarget section */
		9FCA7FD92BD011B9003A9DDD /* LgnRND_Coordinator_iOS */ = {
			isa = PBXNativeTarget;
			buildConfigurationList = 9FCA7FFE2BD011BC003A9DDD /* Build configuration list for PBXNativeTarget "LgnRND_Coordinator_iOS" */;
			buildPhases = (
				9FCA7FD62BD011B9003A9DDD /* Sources */,
				9FCA7FD72BD011B9003A9DDD /* Frameworks */,
				9FCA7FD82BD011B9003A9DDD /* Resources */,
			);
			buildRules = (
			);
			dependencies = (
			);
			name = LgnRND_Coordinator_iOS;
			productName = LgnRND_Coordinator;
			productReference = 9FCA7FDA2BD011B9003A9DDD /* LgnRND_Coordinator_iOS.app */;
			productType = "com.apple.product-type.application";
		};
		9FCA7FE92BD011BC003A9DDD /* LgnRND_CoordinatorTests_iOS */ = {
			isa = PBXNativeTarget;
			buildConfigurationList = 9FCA80012BD011BC003A9DDD /* Build configuration list for PBXNativeTarget "LgnRND_CoordinatorTests_iOS" */;
			buildPhases = (
				9FCA7FE62BD011BC003A9DDD /* Sources */,
				9FCA7FE72BD011BC003A9DDD /* Frameworks */,
				9FCA7FE82BD011BC003A9DDD /* Resources */,
			);
			buildRules = (
			);
			dependencies = (
				9FCA7FEC2BD011BC003A9DDD /* PBXTargetDependency */,
			);
			name = LgnRND_CoordinatorTests_iOS;
			productName = LgnRND_CoordinatorTests;
			productReference = 9FCA7FEA2BD011BC003A9DDD /* LgnRND_CoordinatorTests_iOS.xctest */;
			productType = "com.apple.product-type.bundle.unit-test";
		};
		9FCA7FF32BD011BC003A9DDD /* LgnRND_CoordinatorUITests_iOS */ = {
			isa = PBXNativeTarget;
			buildConfigurationList = 9FCA80042BD011BC003A9DDD /* Build configuration list for PBXNativeTarget "LgnRND_CoordinatorUITests_iOS" */;
			buildPhases = (
				9FCA7FF02BD011BC003A9DDD /* Sources */,
				9FCA7FF12BD011BC003A9DDD /* Frameworks */,
				9FCA7FF22BD011BC003A9DDD /* Resources */,
			);
			buildRules = (
			);
			dependencies = (
				9FCA7FF62BD011BC003A9DDD /* PBXTargetDependency */,
			);
			name = LgnRND_CoordinatorUITests_iOS;
			productName = LgnRND_CoordinatorUITests;
			productReference = 9FCA7FF42BD011BC003A9DDD /* LgnRND_CoordinatorUITests_iOS.xctest */;
			productType = "com.apple.product-type.bundle.ui-testing";
		};
/* End PBXNativeTarget section */

/* Begin PBXProject section */
		9FCA7FD22BD011B9003A9DDD /* Project object */ = {
			isa = PBXProject;
			attributes = {
				BuildIndependentTargetsInParallel = 1;
				LastSwiftUpdateCheck = 1530;
				LastUpgradeCheck = 1530;
				TargetAttributes = {
					9FCA7FD92BD011B9003A9DDD = {
						CreatedOnToolsVersion = 15.3;
					};
					9FCA7FE92BD011BC003A9DDD = {
						CreatedOnToolsVersion = 15.3;
						TestTargetID = 9FCA7FD92BD011B9003A9DDD;
					};
					9FCA7FF32BD011BC003A9DDD = {
						CreatedOnToolsVersion = 15.3;
						TestTargetID = 9FCA7FD92BD011B9003A9DDD;
					};
				};
			};
			buildConfigurationList = 9FCA7FD52BD011B9003A9DDD /* Build configuration list for PBXProject "LgnRND_Coordinator" */;
			compatibilityVersion = "Xcode 14.0";
			developmentRegion = en;
			hasScannedForEncodings = 0;
			knownRegions = (
				en,
				Base,
			);
			mainGroup = 9FCA7FD12BD011B9003A9DDD;
			productRefGroup = 9FCA7FDB2BD011B9003A9DDD /* Products */;
			projectDirPath = "";
			projectRoot = "";
			targets = (
				9FCA7FD92BD011B9003A9DDD /* LgnRND_Coordinator_iOS */,
				9FCA7FE92BD011BC003A9DDD /* LgnRND_CoordinatorTests_iOS */,
				9FCA7FF32BD011BC003A9DDD /* LgnRND_CoordinatorUITests_iOS */,
			);
		};
/* End PBXProject section */

/* Begin PBXResourcesBuildPhase section */
		9FCA7FD82BD011B9003A9DDD /* Resources */ = {
			isa = PBXResourcesBuildPhase;
			buildActionMask = 2147483647;
			files = (
				9FCA7FE52BD011BB003A9DDD /* Preview Assets.xcassets in Resources */,
				9FCA7FE22BD011BB003A9DDD /* Assets.xcassets in Resources */,
			);
			runOnlyForDeploymentPostprocessing = 0;
		};
		9FCA7FE82BD011BC003A9DDD /* Resources */ = {
			isa = PBXResourcesBuildPhase;
			buildActionMask = 2147483647;
			files = (
			);
			runOnlyForDeploymentPostprocessing = 0;
		};
		9FCA7FF22BD011BC003A9DDD /* Resources */ = {
			isa = PBXResourcesBuildPhase;
			buildActionMask = 2147483647;
			files = (
			);
			runOnlyForDeploymentPostprocessing = 0;
		};
/* End PBXResourcesBuildPhase section */

/* Begin PBXSourcesBuildPhase section */
		9FCA7FD62BD011B9003A9DDD /* Sources */ = {
			isa = PBXSourcesBuildPhase;
			buildActionMask = 2147483647;
			files = (
				9FCA80132BD01275003A9DDD /* FirstView.swift in Sources */,
				9FCA800C2BD01266003A9DDD /* Coordinator.swift in Sources */,
				9FCA80122BD01275003A9DDD /* FirstViewModel.swift in Sources */,
				9FCA80142BD01275003A9DDD /* MainContentView.swift in Sources */,
				9FCA800D2BD01266003A9DDD /* Routes.swift in Sources */,
				9FCA800B2BD01266003A9DDD /* ViewCoordinatorDelegate.swift in Sources */,
				9FCA7FDE2BD011B9003A9DDD /* LgnRND_CoordinatorApp.swift in Sources */,
				9FCA80152BD01275003A9DDD /* FirstViewCoordinator.swift in Sources */,
			);
			runOnlyForDeploymentPostprocessing = 0;
		};
		9FCA7FE62BD011BC003A9DDD /* Sources */ = {
			isa = PBXSourcesBuildPhase;
			buildActionMask = 2147483647;
			files = (
				9FCA7FEF2BD011BC003A9DDD /* LgnRND_CoordinatorTests.swift in Sources */,
			);
			runOnlyForDeploymentPostprocessing = 0;
		};
		9FCA7FF02BD011BC003A9DDD /* Sources */ = {
			isa = PBXSourcesBuildPhase;
			buildActionMask = 2147483647;
			files = (
				9FCA7FFB2BD011BC003A9DDD /* LgnRND_CoordinatorUITestsLaunchTests.swift in Sources */,
				9FCA7FF92BD011BC003A9DDD /* LgnRND_CoordinatorUITests.swift in Sources */,
			);
			runOnlyForDeploymentPostprocessing = 0;
		};
/* End PBXSourcesBuildPhase section */

/* Begin PBXTargetDependency section */
		9FCA7FEC2BD011BC003A9DDD /* PBXTargetDependency */ = {
			isa = PBXTargetDependency;
			target = 9FCA7FD92BD011B9003A9DDD /* LgnRND_Coordinator_iOS */;
			targetProxy = 9FCA7FEB2BD011BC003A9DDD /* PBXContainerItemProxy */;
		};
		9FCA7FF62BD011BC003A9DDD /* PBXTargetDependency */ = {
			isa = PBXTargetDependency;
			target = 9FCA7FD92BD011B9003A9DDD /* LgnRND_Coordinator_iOS */;
			targetProxy = 9FCA7FF52BD011BC003A9DDD /* PBXContainerItemProxy */;
		};
/* End PBXTargetDependency section */

/* Begin XCBuildConfiguration section */
		9FCA7FFC2BD011BC003A9DDD /* Debug */ = {
			isa = XCBuildConfiguration;
			buildSettings = {
				ALWAYS_SEARCH_USER_PATHS = NO;
				ASSETCATALOG_COMPILER_GENERATE_SWIFT_ASSET_SYMBOL_EXTENSIONS = YES;
				CLANG_ANALYZER_NONNULL = YES;
				CLANG_ANALYZER_NUMBER_OBJECT_CONVERSION = YES_AGGRESSIVE;
				CLANG_CXX_LANGUAGE_STANDARD = "gnu++20";
				CLANG_ENABLE_MODULES = YES;
				CLANG_ENABLE_OBJC_ARC = YES;
				CLANG_ENABLE_OBJC_WEAK = YES;
				CLANG_WARN_BLOCK_CAPTURE_AUTORELEASING = YES;
				CLANG_WARN_BOOL_CONVERSION = YES;
				CLANG_WARN_COMMA = YES;
				CLANG_WARN_CONSTANT_CONVERSION = YES;
				CLANG_WARN_DEPRECATED_OBJC_IMPLEMENTATIONS = YES;
				CLANG_WARN_DIRECT_OBJC_ISA_USAGE = YES_ERROR;
				CLANG_WARN_DOCUMENTATION_COMMENTS = YES;
				CLANG_WARN_EMPTY_BODY = YES;
				CLANG_WARN_ENUM_CONVERSION = YES;
				CLANG_WARN_INFINITE_RECURSION = YES;
				CLANG_WARN_INT_CONVERSION = YES;
				CLANG_WARN_NON_LITERAL_NULL_CONVERSION = YES;
				CLANG_WARN_OBJC_IMPLICIT_RETAIN_SELF = YES;
				CLANG_WARN_OBJC_LITERAL_CONVERSION = YES;
				CLANG_WARN_OBJC_ROOT_CLASS = YES_ERROR;
				CLANG_WARN_QUOTED_INCLUDE_IN_FRAMEWORK_HEADER = YES;
				CLANG_WARN_RANGE_LOOP_ANALYSIS = YES;
				CLANG_WARN_STRICT_PROTOTYPES = YES;
				CLANG_WARN_SUSPICIOUS_MOVE = YES;
				CLANG_WARN_UNGUARDED_AVAILABILITY = YES_AGGRESSIVE;
				CLANG_WARN_UNREACHABLE_CODE = YES;
				CLANG_WARN__DUPLICATE_METHOD_MATCH = YES;
				COPY_PHASE_STRIP = NO;
				DEBUG_INFORMATION_FORMAT = dwarf;
				ENABLE_STRICT_OBJC_MSGSEND = YES;
				ENABLE_TESTABILITY = YES;
				ENABLE_USER_SCRIPT_SANDBOXING = YES;
				GCC_C_LANGUAGE_STANDARD = gnu17;
				GCC_DYNAMIC_NO_PIC = NO;
				GCC_NO_COMMON_BLOCKS = YES;
				GCC_OPTIMIZATION_LEVEL = 0;
				GCC_PREPROCESSOR_DEFINITIONS = (
					"DEBUG=1",
					"$(inherited)",
				);
				GCC_WARN_64_TO_32_BIT_CONVERSION = YES;
				GCC_WARN_ABOUT_RETURN_TYPE = YES_ERROR;
				GCC_WARN_UNDECLARED_SELECTOR = YES;
				GCC_WARN_UNINITIALIZED_AUTOS = YES_AGGRESSIVE;
				GCC_WARN_UNUSED_FUNCTION = YES;
				GCC_WARN_UNUSED_VARIABLE = YES;
				IPHONEOS_DEPLOYMENT_TARGET = 17.4;
				LOCALIZATION_PREFERS_STRING_CATALOGS = YES;
				MTL_ENABLE_DEBUG_INFO = INCLUDE_SOURCE;
				MTL_FAST_MATH = YES;
				ONLY_ACTIVE_ARCH = YES;
				SDKROOT = iphoneos;
				SWIFT_ACTIVE_COMPILATION_CONDITIONS = "DEBUG $(inherited)";
				SWIFT_OPTIMIZATION_LEVEL = "-Onone";
			};
			name = Debug;
		};
		9FCA7FFD2BD011BC003A9DDD /* Release */ = {
			isa = XCBuildConfiguration;
			buildSettings = {
				ALWAYS_SEARCH_USER_PATHS = NO;
				ASSETCATALOG_COMPILER_GENERATE_SWIFT_ASSET_SYMBOL_EXTENSIONS = YES;
				CLANG_ANALYZER_NONNULL = YES;
				CLANG_ANALYZER_NUMBER_OBJECT_CONVERSION = YES_AGGRESSIVE;
				CLANG_CXX_LANGUAGE_STANDARD = "gnu++20";
				CLANG_ENABLE_MODULES = YES;
				CLANG_ENABLE_OBJC_ARC = YES;
				CLANG_ENABLE_OBJC_WEAK = YES;
				CLANG_WARN_BLOCK_CAPTURE_AUTORELEASING = YES;
				CLANG_WARN_BOOL_CONVERSION = YES;
				CLANG_WARN_COMMA = YES;
				CLANG_WARN_CONSTANT_CONVERSION = YES;
				CLANG_WARN_DEPRECATED_OBJC_IMPLEMENTATIONS = YES;
				CLANG_WARN_DIRECT_OBJC_ISA_USAGE = YES_ERROR;
				CLANG_WARN_DOCUMENTATION_COMMENTS = YES;
				CLANG_WARN_EMPTY_BODY = YES;
				CLANG_WARN_ENUM_CONVERSION = YES;
				CLANG_WARN_INFINITE_RECURSION = YES;
				CLANG_WARN_INT_CONVERSION = YES;
				CLANG_WARN_NON_LITERAL_NULL_CONVERSION = YES;
				CLANG_WARN_OBJC_IMPLICIT_RETAIN_SELF = YES;
				CLANG_WARN_OBJC_LITERAL_CONVERSION = YES;
				CLANG_WARN_OBJC_ROOT_CLASS = YES_ERROR;
				CLANG_WARN_QUOTED_INCLUDE_IN_FRAMEWORK_HEADER = YES;
				CLANG_WARN_RANGE_LOOP_ANALYSIS = YES;
				CLANG_WARN_STRICT_PROTOTYPES = YES;
				CLANG_WARN_SUSPICIOUS_MOVE = YES;
				CLANG_WARN_UNGUARDED_AVAILABILITY = YES_AGGRESSIVE;
				CLANG_WARN_UNREACHABLE_CODE = YES;
				CLANG_WARN__DUPLICATE_METHOD_MATCH = YES;
				COPY_PHASE_STRIP = NO;
				DEBUG_INFORMATION_FORMAT = "dwarf-with-dsym";
				ENABLE_NS_ASSERTIONS = NO;
				ENABLE_STRICT_OBJC_MSGSEND = YES;
				ENABLE_USER_SCRIPT_SANDBOXING = YES;
				GCC_C_LANGUAGE_STANDARD = gnu17;
				GCC_NO_COMMON_BLOCKS = YES;
				GCC_WARN_64_TO_32_BIT_CONVERSION = YES;
				GCC_WARN_ABOUT_RETURN_TYPE = YES_ERROR;
				GCC_WARN_UNDECLARED_SELECTOR = YES;
				GCC_WARN_UNINITIALIZED_AUTOS = YES_AGGRESSIVE;
				GCC_WARN_UNUSED_FUNCTION = YES;
				GCC_WARN_UNUSED_VARIABLE = YES;
				IPHONEOS_DEPLOYMENT_TARGET = 17.4;
				LOCALIZATION_PREFERS_STRING_CATALOGS = YES;
				MTL_ENABLE_DEBUG_INFO = NO;
				MTL_FAST_MATH = YES;
				SDKROOT = iphoneos;
				SWIFT_COMPILATION_MODE = wholemodule;
				VALIDATE_PRODUCT = YES;
			};
			name = Release;
		};
		9FCA7FFF2BD011BC003A9DDD /* Debug */ = {
			isa = XCBuildConfiguration;
			buildSettings = {
				ASSETCATALOG_COMPILER_APPICON_NAME = AppIcon;
				ASSETCATALOG_COMPILER_GLOBAL_ACCENT_COLOR_NAME = AccentColor;
				CODE_SIGN_STYLE = Automatic;
				CURRENT_PROJECT_VERSION = 1;
				DEVELOPMENT_ASSET_PATHS = "";
				DEVELOPMENT_TEAM = UE8YWDNEAR;
				ENABLE_PREVIEWS = YES;
				GENERATE_INFOPLIST_FILE = YES;
				INFOPLIST_KEY_UIApplicationSceneManifest_Generation = YES;
				INFOPLIST_KEY_UIApplicationSupportsIndirectInputEvents = YES;
				INFOPLIST_KEY_UILaunchScreen_Generation = YES;
				INFOPLIST_KEY_UISupportedInterfaceOrientations_iPad = "UIInterfaceOrientationPortrait UIInterfaceOrientationPortraitUpsideDown UIInterfaceOrientationLandscapeLeft UIInterfaceOrientationLandscapeRight";
				INFOPLIST_KEY_UISupportedInterfaceOrientations_iPhone = "UIInterfaceOrientationPortrait UIInterfaceOrientationLandscapeLeft UIInterfaceOrientationLandscapeRight";
				LD_RUNPATH_SEARCH_PATHS = (
					"$(inherited)",
					"@executable_path/Frameworks",
				);
				MARKETING_VERSION = 1.0;
				PRODUCT_BUNDLE_IDENTIFIER = "local.LgnRND-Coordinator";
				PRODUCT_NAME = "$(TARGET_NAME)";
				SWIFT_EMIT_LOC_STRINGS = YES;
				SWIFT_VERSION = 5.0;
				TARGETED_DEVICE_FAMILY = "1,2";
			};
			name = Debug;
		};
		9FCA80002BD011BC003A9DDD /* Release */ = {
			isa = XCBuildConfiguration;
			buildSettings = {
				ASSETCATALOG_COMPILER_APPICON_NAME = AppIcon;
				ASSETCATALOG_COMPILER_GLOBAL_ACCENT_COLOR_NAME = AccentColor;
				CODE_SIGN_STYLE = Automatic;
				CURRENT_PROJECT_VERSION = 1;
				DEVELOPMENT_ASSET_PATHS = "";
				DEVELOPMENT_TEAM = UE8YWDNEAR;
				ENABLE_PREVIEWS = YES;
				GENERATE_INFOPLIST_FILE = YES;
				INFOPLIST_KEY_UIApplicationSceneManifest_Generation = YES;
				INFOPLIST_KEY_UIApplicationSupportsIndirectInputEvents = YES;
				INFOPLIST_KEY_UILaunchScreen_Generation = YES;
				INFOPLIST_KEY_UISupportedInterfaceOrientations_iPad = "UIInterfaceOrientationPortrait UIInterfaceOrientationPortraitUpsideDown UIInterfaceOrientationLandscapeLeft UIInterfaceOrientationLandscapeRight";
				INFOPLIST_KEY_UISupportedInterfaceOrientations_iPhone = "UIInterfaceOrientationPortrait UIInterfaceOrientationLandscapeLeft UIInterfaceOrientationLandscapeRight";
				LD_RUNPATH_SEARCH_PATHS = (
					"$(inherited)",
					"@executable_path/Frameworks",
				);
				MARKETING_VERSION = 1.0;
				PRODUCT_BUNDLE_IDENTIFIER = "local.LgnRND-Coordinator";
				PRODUCT_NAME = "$(TARGET_NAME)";
				SWIFT_EMIT_LOC_STRINGS = YES;
				SWIFT_VERSION = 5.0;
				TARGETED_DEVICE_FAMILY = "1,2";
			};
			name = Release;
		};
		9FCA80022BD011BC003A9DDD /* Debug */ = {
			isa = XCBuildConfiguration;
			buildSettings = {
				ALWAYS_EMBED_SWIFT_STANDARD_LIBRARIES = YES;
				BUNDLE_LOADER = "$(TEST_HOST)";
				CODE_SIGN_STYLE = Automatic;
				CURRENT_PROJECT_VERSION = 1;
				DEVELOPMENT_TEAM = UE8YWDNEAR;
				GENERATE_INFOPLIST_FILE = YES;
				IPHONEOS_DEPLOYMENT_TARGET = 17.4;
				MARKETING_VERSION = 1.0;
				PRODUCT_BUNDLE_IDENTIFIER = "local.LgnRND-CoordinatorTests";
				PRODUCT_NAME = "$(TARGET_NAME)";
				SWIFT_EMIT_LOC_STRINGS = NO;
				SWIFT_VERSION = 5.0;
				TARGETED_DEVICE_FAMILY = "1,2";
				TEST_HOST = "$(BUILT_PRODUCTS_DIR)/LgnRND_Coordinator.app/$(BUNDLE_EXECUTABLE_FOLDER_PATH)/LgnRND_Coordinator";
			};
			name = Debug;
		};
		9FCA80032BD011BC003A9DDD /* Release */ = {
			isa = XCBuildConfiguration;
			buildSettings = {
				ALWAYS_EMBED_SWIFT_STANDARD_LIBRARIES = YES;
				BUNDLE_LOADER = "$(TEST_HOST)";
				CODE_SIGN_STYLE = Automatic;
				CURRENT_PROJECT_VERSION = 1;
				DEVELOPMENT_TEAM = UE8YWDNEAR;
				GENERATE_INFOPLIST_FILE = YES;
				IPHONEOS_DEPLOYMENT_TARGET = 17.4;
				MARKETING_VERSION = 1.0;
				PRODUCT_BUNDLE_IDENTIFIER = "local.LgnRND-CoordinatorTests";
				PRODUCT_NAME = "$(TARGET_NAME)";
				SWIFT_EMIT_LOC_STRINGS = NO;
				SWIFT_VERSION = 5.0;
				TARGETED_DEVICE_FAMILY = "1,2";
				TEST_HOST = "$(BUILT_PRODUCTS_DIR)/LgnRND_Coordinator.app/$(BUNDLE_EXECUTABLE_FOLDER_PATH)/LgnRND_Coordinator";
			};
			name = Release;
		};
		9FCA80052BD011BC003A9DDD /* Debug */ = {
			isa = XCBuildConfiguration;
			buildSettings = {
				ALWAYS_EMBED_SWIFT_STANDARD_LIBRARIES = YES;
				CODE_SIGN_STYLE = Automatic;
				CURRENT_PROJECT_VERSION = 1;
				DEVELOPMENT_TEAM = UE8YWDNEAR;
				GENERATE_INFOPLIST_FILE = YES;
				MARKETING_VERSION = 1.0;
				PRODUCT_BUNDLE_IDENTIFIER = "local.LgnRND-CoordinatorUITests";
				PRODUCT_NAME = "$(TARGET_NAME)";
				SWIFT_EMIT_LOC_STRINGS = NO;
				SWIFT_VERSION = 5.0;
				TARGETED_DEVICE_FAMILY = "1,2";
				TEST_TARGET_NAME = LgnRND_Coordinator;
			};
			name = Debug;
		};
		9FCA80062BD011BC003A9DDD /* Release */ = {
			isa = XCBuildConfiguration;
			buildSettings = {
				ALWAYS_EMBED_SWIFT_STANDARD_LIBRARIES = YES;
				CODE_SIGN_STYLE = Automatic;
				CURRENT_PROJECT_VERSION = 1;
				DEVELOPMENT_TEAM = UE8YWDNEAR;
				GENERATE_INFOPLIST_FILE = YES;
				MARKETING_VERSION = 1.0;
				PRODUCT_BUNDLE_IDENTIFIER = "local.LgnRND-CoordinatorUITests";
				PRODUCT_NAME = "$(TARGET_NAME)";
				SWIFT_EMIT_LOC_STRINGS = NO;
				SWIFT_VERSION = 5.0;
				TARGETED_DEVICE_FAMILY = "1,2";
				TEST_TARGET_NAME = LgnRND_Coordinator;
			};
			name = Release;
		};
/* End XCBuildConfiguration section */

/* Begin XCConfigurationList section */
		9FCA7FD52BD011B9003A9DDD /* Build configuration list for PBXProject "LgnRND_Coordinator" */ = {
			isa = XCConfigurationList;
			buildConfigurations = (
				9FCA7FFC2BD011BC003A9DDD /* Debug */,
				9FCA7FFD2BD011BC003A9DDD /* Release */,
			);
			defaultConfigurationIsVisible = 0;
			defaultConfigurationName = Release;
		};
		9FCA7FFE2BD011BC003A9DDD /* Build configuration list for PBXNativeTarget "LgnRND_Coordinator_iOS" */ = {
			isa = XCConfigurationList;
			buildConfigurations = (
				9FCA7FFF2BD011BC003A9DDD /* Debug */,
				9FCA80002BD011BC003A9DDD /* Release */,
			);
			defaultConfigurationIsVisible = 0;
			defaultConfigurationName = Release;
		};
		9FCA80012BD011BC003A9DDD /* Build configuration list for PBXNativeTarget "LgnRND_CoordinatorTests_iOS" */ = {
			isa = XCConfigurationList;
			buildConfigurations = (
				9FCA80022BD011BC003A9DDD /* Debug */,
				9FCA80032BD011BC003A9DDD /* Release */,
			);
			defaultConfigurationIsVisible = 0;
			defaultConfigurationName = Release;
		};
		9FCA80042BD011BC003A9DDD /* Build configuration list for PBXNativeTarget "LgnRND_CoordinatorUITests_iOS" */ = {
			isa = XCConfigurationList;
			buildConfigurations = (
				9FCA80052BD011BC003A9DDD /* Debug */,
				9FCA80062BD011BC003A9DDD /* Release */,
			);
			defaultConfigurationIsVisible = 0;
			defaultConfigurationName = Release;
		};
/* End XCConfigurationList section */
	};
	rootObject = 9FCA7FD22BD011B9003A9DDD /* Project object */;
}
